// !$*UTF8*$!
{
	archiveVersion = 1;
	classes = {
	};
	objectVersion = 50;
	objects = {

/* Begin PBXBuildFile section */
		F448C0DD2576A99E00F1E9B2 /* MonitorObject.swift in Sources */ = {isa = PBXBuildFile; fileRef = F448C0DC2576A99E00F1E9B2 /* MonitorObject.swift */; };
		F48235AC257538A600CC8E9B /* AppDelegate.swift in Sources */ = {isa = PBXBuildFile; fileRef = F48235AB257538A600CC8E9B /* AppDelegate.swift */; };
		F48235AE257538A600CC8E9B /* SceneDelegate.swift in Sources */ = {isa = PBXBuildFile; fileRef = F48235AD257538A600CC8E9B /* SceneDelegate.swift */; };
		F48235B0257538A600CC8E9B /* ViewController.swift in Sources */ = {isa = PBXBuildFile; fileRef = F48235AF257538A600CC8E9B /* ViewController.swift */; };
		F48235B3257538A600CC8E9B /* Main.storyboard in Resources */ = {isa = PBXBuildFile; fileRef = F48235B1257538A600CC8E9B /* Main.storyboard */; };
		F48235B5257538A700CC8E9B /* Assets.xcassets in Resources */ = {isa = PBXBuildFile; fileRef = F48235B4257538A700CC8E9B /* Assets.xcassets */; };
		F48235B8257538A700CC8E9B /* LaunchScreen.storyboard in Resources */ = {isa = PBXBuildFile; fileRef = F48235B6257538A700CC8E9B /* LaunchScreen.storyboard */; };
/* End PBXBuildFile section */

/* Begin PBXFileReference section */
		F448C0DC2576A99E00F1E9B2 /* MonitorObject.swift */ = {isa = PBXFileReference; lastKnownFileType = sourcecode.swift; path = MonitorObject.swift; sourceTree = "<group>"; };
		F48235A8257538A600CC8E9B /* One-armed_bandit.app */ = {isa = PBXFileReference; explicitFileType = wrapper.application; includeInIndex = 0; path = "One-armed_bandit.app"; sourceTree = BUILT_PRODUCTS_DIR; };
		F48235AB257538A600CC8E9B /* AppDelegate.swift */ = {isa = PBXFileReference; lastKnownFileType = sourcecode.swift; path = AppDelegate.swift; sourceTree = "<group>"; };
		F48235AD257538A600CC8E9B /* SceneDelegate.swift */ = {isa = PBXFileReference; lastKnownFileType = sourcecode.swift; path = SceneDelegate.swift; sourceTree = "<group>"; };
		F48235AF257538A600CC8E9B /* ViewController.swift */ = {isa = PBXFileReference; lastKnownFileType = sourcecode.swift; path = ViewController.swift; sourceTree = "<group>"; };
		F48235B2257538A600CC8E9B /* Base */ = {isa = PBXFileReference; lastKnownFileType = file.storyboard; name = Base; path = Base.lproj/Main.storyboard; sourceTree = "<group>"; };
		F48235B4257538A700CC8E9B /* Assets.xcassets */ = {isa = PBXFileReference; lastKnownFileType = folder.assetcatalog; path = Assets.xcassets; sourceTree = "<group>"; };
		F48235B7257538A700CC8E9B /* Base */ = {isa = PBXFileReference; lastKnownFileType = file.storyboard; name = Base; path = Base.lproj/LaunchScreen.storyboard; sourceTree = "<group>"; };
		F48235B9257538A700CC8E9B /* Info.plist */ = {isa = PBXFileReference; lastKnownFileType = text.plist.xml; path = Info.plist; sourceTree = "<group>"; };
/* End PBXFileReference section */

/* Begin PBXFrameworksBuildPhase section */
		F48235A5257538A600CC8E9B /* Frameworks */ = {
			isa = PBXFrameworksBuildPhase;
			buildActionMask = 2147483647;
			files = (
			);
			runOnlyForDeploymentPostprocessing = 0;
		};
/* End PBXFrameworksBuildPhase section */

/* Begin PBXGroup section */
		F482359F257538A600CC8E9B = {
			isa = PBXGroup;
			children = (
				F48235AA257538A600CC8E9B /* One-armed_bandit */,
				F48235A9257538A600CC8E9B /* Products */,
			);
			sourceTree = "<group>";
		};
		F48235A9257538A600CC8E9B /* Products */ = {
			isa = PBXGroup;
			children = (
				F48235A8257538A600CC8E9B /* One-armed_bandit.app */,
			);
			name = Products;
			sourceTree = "<group>";
		};
		F48235AA257538A600CC8E9B /* One-armed_bandit */ = {
			isa = PBXGroup;
			children = (
				F48235AB257538A600CC8E9B /* AppDelegate.swift */,
				F48235AD257538A600CC8E9B /* SceneDelegate.swift */,
				F48235AF257538A600CC8E9B /* ViewController.swift */,
				F448C0DC2576A99E00F1E9B2 /* MonitorObject.swift */,
				F48235B1257538A600CC8E9B /* Main.storyboard */,
				F48235B4257538A700CC8E9B /* Assets.xcassets */,
				F48235B6257538A700CC8E9B /* LaunchScreen.storyboard */,
				F48235B9257538A700CC8E9B /* Info.plist */,
			);
			path = "One-armed_bandit";
			sourceTree = "<group>";
		};
/* End PBXGroup section */

/* Begin PBXNativeTarget section */
		F48235A7257538A600CC8E9B /* One-armed_bandit */ = {
			isa = PBXNativeTarget;
			buildConfigurationList = F48235BC257538A700CC8E9B /* Build configuration list for PBXNativeTarget "One-armed_bandit" */;
			buildPhases = (
				F48235A4257538A600CC8E9B /* Sources */,
				F48235A5257538A600CC8E9B /* Frameworks */,
				F48235A6257538A600CC8E9B /* Resources */,
			);
			buildRules = (
			);
			dependencies = (
			);
			name = "One-armed_bandit";
			productName = "One-armed_bandit";
			productReference = F48235A8257538A600CC8E9B /* One-armed_bandit.app */;
			productType = "com.apple.product-type.application";
		};
/* End PBXNativeTarget section */

/* Begin PBXProject section */
		F48235A0257538A600CC8E9B /* Project object */ = {
			isa = PBXProject;
			attributes = {
				LastSwiftUpdateCheck = 1220;
				LastUpgradeCheck = 1220;
				TargetAttributes = {
					F48235A7257538A600CC8E9B = {
						CreatedOnToolsVersion = 12.2;
					};
				};
			};
			buildConfigurationList = F48235A3257538A600CC8E9B /* Build configuration list for PBXProject "One-armed_bandit" */;
			compatibilityVersion = "Xcode 9.3";
			developmentRegion = en;
			hasScannedForEncodings = 0;
			knownRegions = (
				en,
				Base,
			);
			mainGroup = F482359F257538A600CC8E9B;
			productRefGroup = F48235A9257538A600CC8E9B /* Products */;
			projectDirPath = "";
			projectRoot = "";
			targets = (
				F48235A7257538A600CC8E9B /* One-armed_bandit */,
			);
		};
/* End PBXProject section */

/* Begin PBXResourcesBuildPhase section */
		F48235A6257538A600CC8E9B /* Resources */ = {
			isa = PBXResourcesBuildPhase;
			buildActionMask = 2147483647;
			files = (
				F48235B8257538A700CC8E9B /* LaunchScreen.storyboard in Resources */,
				F48235B5257538A700CC8E9B /* Assets.xcassets in Resources */,
				F48235B3257538A600CC8E9B /* Main.storyboard in Resources */,
			);
			runOnlyForDeploymentPostprocessing = 0;
		};
/* End PBXResourcesBuildPhase section */

/* Begin PBXSourcesBuildPhase section */
		F48235A4257538A600CC8E9B /* Sources */ = {
			isa = PBXSourcesBuildPhase;
			buildActionMask = 2147483647;
			files = (
				F48235B0257538A600CC8E9B /* ViewController.swift in Sources */,
				F448C0DD2576A99E00F1E9B2 /* MonitorObject.swift in Sources */,
				F48235AC257538A600CC8E9B /* AppDelegate.swift in Sources */,
				F48235AE257538A600CC8E9B /* SceneDelegate.swift in Sources */,
			);
			runOnlyForDeploymentPostprocessing = 0;
		};
/* End PBXSourcesBuildPhase section */

/* Begin PBXVariantGroup section */
		F48235B1257538A600CC8E9B /* Main.storyboard */ = {
			isa = PBXVariantGroup;
			children = (
				F48235B2257538A600CC8E9B /* Base */,
			);
			name = Main.storyboard;
			sourceTree = "<group>";
		};
		F48235B6257538A700CC8E9B /* LaunchScreen.storyboard */ = {
			isa = PBXVariantGroup;
			children = (
				F48235B7257538A700CC8E9B /* Base */,
			);
			name = LaunchScreen.storyboard;
			sourceTree = "<group>";
		};
/* End PBXVariantGroup section */

/* Begin XCBuildConfiguration section */
		F48235BA257538A700CC8E9B /* Debug */ = {
			isa = XCBuildConfiguration;
			buildSettings = {
				ALWAYS_SEARCH_USER_PATHS = NO;
				CLANG_ANALYZER_NONNULL = YES;
				CLANG_ANALYZER_NUMBER_OBJECT_CONVERSION = YES_AGGRESSIVE;
				CLANG_CXX_LANGUAGE_STANDARD = "gnu++14";
				CLANG_CXX_LIBRARY = "libc++";
				CLANG_ENABLE_MODULES = YES;
				CLANG_ENABLE_OBJC_ARC = YES;
				CLANG_ENABLE_OBJC_WEAK = YES;
				CLANG_WARN_BLOCK_CAPTURE_AUTORELEASING = YES;
				CLANG_WARN_BOOL_CONVERSION = YES;
				CLANG_WARN_COMMA = YES;
				CLANG_WARN_CONSTANT_CONVERSION = YES;
				CLANG_WARN_DEPRECATED_OBJC_IMPLEMENTATIONS = YES;
				CLANG_WARN_DIRECT_OBJC_ISA_USAGE = YES_ERROR;
				CLANG_WARN_DOCUMENTATION_COMMENTS = YES;
				CLANG_WARN_EMPTY_BODY = YES;
				CLANG_WARN_ENUM_CONVERSION = YES;
				CLANG_WARN_INFINITE_RECURSION = YES;
				CLANG_WARN_INT_CONVERSION = YES;
				CLANG_WARN_NON_LITERAL_NULL_CONVERSION = YES;
				CLANG_WARN_OBJC_IMPLICIT_RETAIN_SELF = YES;
				CLANG_WARN_OBJC_LITERAL_CONVERSION = YES;
				CLANG_WARN_OBJC_ROOT_CLASS = YES_ERROR;
				CLANG_WARN_QUOTED_INCLUDE_IN_FRAMEWORK_HEADER = YES;
				CLANG_WARN_RANGE_LOOP_ANALYSIS = YES;
				CLANG_WARN_STRICT_PROTOTYPES = YES;
				CLANG_WARN_SUSPICIOUS_MOVE = YES;
				CLANG_WARN_UNGUARDED_AVAILABILITY = YES_AGGRESSIVE;
				CLANG_WARN_UNREACHABLE_CODE = YES;
				CLANG_WARN__DUPLICATE_METHOD_MATCH = YES;
				COPY_PHASE_STRIP = NO;
				DEBUG_INFORMATION_FORMAT = dwarf;
				ENABLE_STRICT_OBJC_MSGSEND = YES;
				ENABLE_TESTABILITY = YES;
				GCC_C_LANGUAGE_STANDARD = gnu11;
				GCC_DYNAMIC_NO_PIC = NO;
				GCC_NO_COMMON_BLOCKS = YES;
				GCC_OPTIMIZATION_LEVEL = 0;
				GCC_PREPROCESSOR_DEFINITIONS = (
					"DEBUG=1",
					"$(inherited)",
				);
				GCC_WARN_64_TO_32_BIT_CONVERSION = YES;
				GCC_WARN_ABOUT_RETURN_TYPE = YES_ERROR;
				GCC_WARN_UNDECLARED_SELECTOR = YES;
				GCC_WARN_UNINITIALIZED_AUTOS = YES_AGGRESSIVE;
				GCC_WARN_UNUSED_FUNCTION = YES;
				GCC_WARN_UNUSED_VARIABLE = YES;
				IPHONEOS_DEPLOYMENT_TARGET = 14.2;
				MTL_ENABLE_DEBUG_INFO = INCLUDE_SOURCE;
				MTL_FAST_MATH = YES;
				ONLY_ACTIVE_ARCH = YES;
				SDKROOT = iphoneos;
				SWIFT_ACTIVE_COMPILATION_CONDITIONS = DEBUG;
				SWIFT_OPTIMIZATION_LEVEL = "-Onone";
			};
			name = Debug;
		};
		F48235BB257538A700CC8E9B /* Release */ = {
			isa = XCBuildConfiguration;
			buildSettings = {
				ALWAYS_SEARCH_USER_PATHS = NO;
				CLANG_ANALYZER_NONNULL = YES;
				CLANG_ANALYZER_NUMBER_OBJECT_CONVERSION = YES_AGGRESSIVE;
				CLANG_CXX_LANGUAGE_STANDARD = "gnu++14";
				CLANG_CXX_LIBRARY = "libc++";
				CLANG_ENABLE_MODULES = YES;
				CLANG_ENABLE_OBJC_ARC = YES;
				CLANG_ENABLE_OBJC_WEAK = YES;
				CLANG_WARN_BLOCK_CAPTURE_AUTORELEASING = YES;
				CLANG_WARN_BOOL_CONVERSION = YES;
				CLANG_WARN_COMMA = YES;
				CLANG_WARN_CONSTANT_CONVERSION = YES;
				CLANG_WARN_DEPRECATED_OBJC_IMPLEMENTATIONS = YES;
				CLANG_WARN_DIRECT_OBJC_ISA_USAGE = YES_ERROR;
				CLANG_WARN_DOCUMENTATION_COMMENTS = YES;
				CLANG_WARN_EMPTY_BODY = YES;
				CLANG_WARN_ENUM_CONVERSION = YES;
				CLANG_WARN_INFINITE_RECURSION = YES;
				CLANG_WARN_INT_CONVERSION = YES;
				CLANG_WARN_NON_LITERAL_NULL_CONVERSION = YES;
				CLANG_WARN_OBJC_IMPLICIT_RETAIN_SELF = YES;
				CLANG_WARN_OBJC_LITERAL_CONVERSION = YES;
				CLANG_WARN_OBJC_ROOT_CLASS = YES_ERROR;
				CLANG_WARN_QUOTED_INCLUDE_IN_FRAMEWORK_HEADER = YES;
				CLANG_WARN_RANGE_LOOP_ANALYSIS = YES;
				CLANG_WARN_STRICT_PROTOTYPES = YES;
				CLANG_WARN_SUSPICIOUS_MOVE = YES;
				CLANG_WARN_UNGUARDED_AVAILABILITY = YES_AGGRESSIVE;
				CLANG_WARN_UNREACHABLE_CODE = YES;
				CLANG_WARN__DUPLICATE_METHOD_MATCH = YES;
				COPY_PHASE_STRIP = NO;
				DEBUG_INFORMATION_FORMAT = "dwarf-with-dsym";
				ENABLE_NS_ASSERTIONS = NO;
				ENABLE_STRICT_OBJC_MSGSEND = YES;
				GCC_C_LANGUAGE_STANDARD = gnu11;
				GCC_NO_COMMON_BLOCKS = YES;
				GCC_WARN_64_TO_32_BIT_CONVERSION = YES;
				GCC_WARN_ABOUT_RETURN_TYPE = YES_ERROR;
				GCC_WARN_UNDECLARED_SELECTOR = YES;
				GCC_WARN_UNINITIALIZED_AUTOS = YES_AGGRESSIVE;
				GCC_WARN_UNUSED_FUNCTION = YES;
				GCC_WARN_UNUSED_VARIABLE = YES;
				IPHONEOS_DEPLOYMENT_TARGET = 14.2;
				MTL_ENABLE_DEBUG_INFO = NO;
				MTL_FAST_MATH = YES;
				SDKROOT = iphoneos;
				SWIFT_COMPILATION_MODE = wholemodule;
				SWIFT_OPTIMIZATION_LEVEL = "-O";
				VALIDATE_PRODUCT = YES;
			};
			name = Release;
		};
		F48235BD257538A700CC8E9B /* Debug */ = {
			isa = XCBuildConfiguration;
			buildSettings = {
				ASSETCATALOG_COMPILER_APPICON_NAME = AppIcon;
				ASSETCATALOG_COMPILER_GLOBAL_ACCENT_COLOR_NAME = AccentColor;
				CODE_SIGN_STYLE = Automatic;
				DEVELOPMENT_TEAM = TUN64ZVFJ6;
				INFOPLIST_FILE = "One-armed_bandit/Info.plist";
				LD_RUNPATH_SEARCH_PATHS = (
					"$(inherited)",
					"@executable_path/Frameworks",
				);
				PRODUCT_BUNDLE_IDENTIFIER = "com.daniilpazin.One-armed-bandit";
				PRODUCT_NAME = "$(TARGET_NAME)";
				SWIFT_VERSION = 5.0;
				TARGETED_DEVICE_FAMILY = "1,2";
			};
			name = Debug;
		};
		F48235BE257538A700CC8E9B /* Release */ = {
			isa = XCBuildConfiguration;
			buildSettings = {
				ASSETCATALOG_COMPILER_APPICON_NAME = AppIcon;
				ASSETCATALOG_COMPILER_GLOBAL_ACCENT_COLOR_NAME = AccentColor;
				CODE_SIGN_STYLE = Automatic;
				DEVELOPMENT_TEAM = TUN64ZVFJ6;
				INFOPLIST_FILE = "One-armed_bandit/Info.plist";
				LD_RUNPATH_SEARCH_PATHS = (
					"$(inherited)",
					"@executable_path/Frameworks",
				);
				PRODUCT_BUNDLE_IDENTIFIER = "com.daniilpazin.One-armed-bandit";
				PRODUCT_NAME = "$(TARGET_NAME)";
				SWIFT_VERSION = 5.0;
				TARGETED_DEVICE_FAMILY = "1,2";
			};
			name = Release;
		};
/* End XCBuildConfiguration section */

/* Begin XCConfigurationList section */
		F48235A3257538A600CC8E9B /* Build configuration list for PBXProject "One-armed_bandit" */ = {
			isa = XCConfigurationList;
			buildConfigurations = (
				F48235BA257538A700CC8E9B /* Debug */,
				F48235BB257538A700CC8E9B /* Release */,
			);
			defaultConfigurationIsVisible = 0;
			defaultConfigurationName = Release;
		};
		F48235BC257538A700CC8E9B /* Build configuration list for PBXNativeTarget "One-armed_bandit" */ = {
			isa = XCConfigurationList;
			buildConfigurations = (
				F48235BD257538A700CC8E9B /* Debug */,
				F48235BE257538A700CC8E9B /* Release */,
			);
			defaultConfigurationIsVisible = 0;
			defaultConfigurationName = Release;
		};
/* End XCConfigurationList section */
	};
	rootObject = F48235A0257538A600CC8E9B /* Project object */;
}
